// !$*UTF8*$!
{
	archiveVersion = 1;
	classes = {
	};
	objectVersion = 46;
	objects = {

/* Begin PBXBuildFile section */
		094ED617C5A71C6254297C80 /* libPods-TRZXMyPartnerUITests.a in Frameworks */ = {isa = PBXBuildFile; fileRef = 2BAE1AA2A5AD98AD0918C2C0 /* libPods-TRZXMyPartnerUITests.a */; };
		29E97019D468BA5CC9BBD49A /* libPods-TRZXMyPartner.a in Frameworks */ = {isa = PBXBuildFile; fileRef = 61B9271E9BE2D8AB839258B8 /* libPods-TRZXMyPartner.a */; };
		76B257511E650AF200AD0A53 /* main.m in Sources */ = {isa = PBXBuildFile; fileRef = 76B257501E650AF200AD0A53 /* main.m */; };
		76B257541E650AF200AD0A53 /* AppDelegate.m in Sources */ = {isa = PBXBuildFile; fileRef = 76B257531E650AF200AD0A53 /* AppDelegate.m */; };
		76B257571E650AF200AD0A53 /* ViewController.m in Sources */ = {isa = PBXBuildFile; fileRef = 76B257561E650AF200AD0A53 /* ViewController.m */; };
		76B2575A1E650AF200AD0A53 /* Main.storyboard in Resources */ = {isa = PBXBuildFile; fileRef = 76B257581E650AF200AD0A53 /* Main.storyboard */; };
		76B2575C1E650AF200AD0A53 /* Assets.xcassets in Resources */ = {isa = PBXBuildFile; fileRef = 76B2575B1E650AF200AD0A53 /* Assets.xcassets */; };
		76B2575F1E650AF200AD0A53 /* LaunchScreen.storyboard in Resources */ = {isa = PBXBuildFile; fileRef = 76B2575D1E650AF200AD0A53 /* LaunchScreen.storyboard */; };
		76B2576A1E650AF200AD0A53 /* TRZXMyPartnerTests.m in Sources */ = {isa = PBXBuildFile; fileRef = 76B257691E650AF200AD0A53 /* TRZXMyPartnerTests.m */; };
		76B257751E650AF200AD0A53 /* TRZXMyPartnerUITests.m in Sources */ = {isa = PBXBuildFile; fileRef = 76B257741E650AF200AD0A53 /* TRZXMyPartnerUITests.m */; };
		76B257851E650C0C00AD0A53 /* TRZXMyPartnerViewController.m in Sources */ = {isa = PBXBuildFile; fileRef = 76B257841E650C0C00AD0A53 /* TRZXMyPartnerViewController.m */; };
		76B257881E650DC400AD0A53 /* TRZXMyPartnerModel.m in Sources */ = {isa = PBXBuildFile; fileRef = 76B257871E650DC400AD0A53 /* TRZXMyPartnerModel.m */; };
		76B2578B1E650DD400AD0A53 /* TRZXMyPartnerViewModel.m in Sources */ = {isa = PBXBuildFile; fileRef = 76B2578A1E650DD400AD0A53 /* TRZXMyPartnerViewModel.m */; };
		76B2578F1E650DE200AD0A53 /* TRZXMyPartnerCell.m in Sources */ = {isa = PBXBuildFile; fileRef = 76B2578D1E650DE200AD0A53 /* TRZXMyPartnerCell.m */; };
		76B257901E650DE200AD0A53 /* TRZXMyPartnerCell.xib in Resources */ = {isa = PBXBuildFile; fileRef = 76B2578E1E650DE200AD0A53 /* TRZXMyPartnerCell.xib */; };
		76B257931E65109000AD0A53 /* UIDevice+MyPartner_Frame.m in Sources */ = {isa = PBXBuildFile; fileRef = 76B257921E65109000AD0A53 /* UIDevice+MyPartner_Frame.m */; };
		76B257961E65132700AD0A53 /* CTMediator+MyPartner.m in Sources */ = {isa = PBXBuildFile; fileRef = 76B257951E65132700AD0A53 /* CTMediator+MyPartner.m */; };
		76B2579C1E65134F00AD0A53 /* Target_MyPartner.m in Sources */ = {isa = PBXBuildFile; fileRef = 76B2579B1E65134F00AD0A53 /* Target_MyPartner.m */; };
		CBC58E1A21EE1B208BBC2C00 /* libPods-TRZXMyPartnerTests.a in Frameworks */ = {isa = PBXBuildFile; fileRef = 8E3FBA6B66206C2F5AFF067F /* libPods-TRZXMyPartnerTests.a */; };
/* End PBXBuildFile section */

/* Begin PBXContainerItemProxy section */
		76B257661E650AF200AD0A53 /* PBXContainerItemProxy */ = {
			isa = PBXContainerItemProxy;
			containerPortal = 76B257441E650AF200AD0A53 /* Project object */;
			proxyType = 1;
			remoteGlobalIDString = 76B2574B1E650AF200AD0A53;
			remoteInfo = TRZXMyPartner;
		};
		76B257711E650AF200AD0A53 /* PBXContainerItemProxy */ = {
			isa = PBXContainerItemProxy;
			containerPortal = 76B257441E650AF200AD0A53 /* Project object */;
			proxyType = 1;
			remoteGlobalIDString = 76B2574B1E650AF200AD0A53;
			remoteInfo = TRZXMyPartner;
		};
/* End PBXContainerItemProxy section */

/* Begin PBXFileReference section */
		2BAE1AA2A5AD98AD0918C2C0 /* libPods-TRZXMyPartnerUITests.a */ = {isa = PBXFileReference; explicitFileType = archive.ar; includeInIndex = 0; path = "libPods-TRZXMyPartnerUITests.a"; sourceTree = BUILT_PRODUCTS_DIR; };
		3573656A5F67695E11A5976A /* Pods-TRZXMyPartnerUITests.debug.xcconfig */ = {isa = PBXFileReference; includeInIndex = 1; lastKnownFileType = text.xcconfig; name = "Pods-TRZXMyPartnerUITests.debug.xcconfig"; path = "Pods/Target Support Files/Pods-TRZXMyPartnerUITests/Pods-TRZXMyPartnerUITests.debug.xcconfig"; sourceTree = "<group>"; };
		3AFF47DDF9C230D503FD383F /* Pods-TRZXMyPartnerTests.debug.xcconfig */ = {isa = PBXFileReference; includeInIndex = 1; lastKnownFileType = text.xcconfig; name = "Pods-TRZXMyPartnerTests.debug.xcconfig"; path = "Pods/Target Support Files/Pods-TRZXMyPartnerTests/Pods-TRZXMyPartnerTests.debug.xcconfig"; sourceTree = "<group>"; };
		61B9271E9BE2D8AB839258B8 /* libPods-TRZXMyPartner.a */ = {isa = PBXFileReference; explicitFileType = archive.ar; includeInIndex = 0; path = "libPods-TRZXMyPartner.a"; sourceTree = BUILT_PRODUCTS_DIR; };
		76B2574C1E650AF200AD0A53 /* TRZXMyPartner.app */ = {isa = PBXFileReference; explicitFileType = wrapper.application; includeInIndex = 0; path = TRZXMyPartner.app; sourceTree = BUILT_PRODUCTS_DIR; };
		76B257501E650AF200AD0A53 /* main.m */ = {isa = PBXFileReference; lastKnownFileType = sourcecode.c.objc; path = main.m; sourceTree = "<group>"; };
		76B257521E650AF200AD0A53 /* AppDelegate.h */ = {isa = PBXFileReference; lastKnownFileType = sourcecode.c.h; path = AppDelegate.h; sourceTree = "<group>"; };
		76B257531E650AF200AD0A53 /* AppDelegate.m */ = {isa = PBXFileReference; lastKnownFileType = sourcecode.c.objc; path = AppDelegate.m; sourceTree = "<group>"; };
		76B257551E650AF200AD0A53 /* ViewController.h */ = {isa = PBXFileReference; lastKnownFileType = sourcecode.c.h; path = ViewController.h; sourceTree = "<group>"; };
		76B257561E650AF200AD0A53 /* ViewController.m */ = {isa = PBXFileReference; lastKnownFileType = sourcecode.c.objc; path = ViewController.m; sourceTree = "<group>"; };
		76B257591E650AF200AD0A53 /* Base */ = {isa = PBXFileReference; lastKnownFileType = file.storyboard; name = Base; path = Base.lproj/Main.storyboard; sourceTree = "<group>"; };
		76B2575B1E650AF200AD0A53 /* Assets.xcassets */ = {isa = PBXFileReference; lastKnownFileType = folder.assetcatalog; path = Assets.xcassets; sourceTree = "<group>"; };
		76B2575E1E650AF200AD0A53 /* Base */ = {isa = PBXFileReference; lastKnownFileType = file.storyboard; name = Base; path = Base.lproj/LaunchScreen.storyboard; sourceTree = "<group>"; };
		76B257601E650AF200AD0A53 /* Info.plist */ = {isa = PBXFileReference; lastKnownFileType = text.plist.xml; path = Info.plist; sourceTree = "<group>"; };
		76B257651E650AF200AD0A53 /* TRZXMyPartnerTests.xctest */ = {isa = PBXFileReference; explicitFileType = wrapper.cfbundle; includeInIndex = 0; path = TRZXMyPartnerTests.xctest; sourceTree = BUILT_PRODUCTS_DIR; };
		76B257691E650AF200AD0A53 /* TRZXMyPartnerTests.m */ = {isa = PBXFileReference; lastKnownFileType = sourcecode.c.objc; path = TRZXMyPartnerTests.m; sourceTree = "<group>"; };
		76B2576B1E650AF200AD0A53 /* Info.plist */ = {isa = PBXFileReference; lastKnownFileType = text.plist.xml; path = Info.plist; sourceTree = "<group>"; };
		76B257701E650AF200AD0A53 /* TRZXMyPartnerUITests.xctest */ = {isa = PBXFileReference; explicitFileType = wrapper.cfbundle; includeInIndex = 0; path = TRZXMyPartnerUITests.xctest; sourceTree = BUILT_PRODUCTS_DIR; };
		76B257741E650AF200AD0A53 /* TRZXMyPartnerUITests.m */ = {isa = PBXFileReference; lastKnownFileType = sourcecode.c.objc; path = TRZXMyPartnerUITests.m; sourceTree = "<group>"; };
		76B257761E650AF200AD0A53 /* Info.plist */ = {isa = PBXFileReference; lastKnownFileType = text.plist.xml; path = Info.plist; sourceTree = "<group>"; };
		76B257831E650C0C00AD0A53 /* TRZXMyPartnerViewController.h */ = {isa = PBXFileReference; fileEncoding = 4; lastKnownFileType = sourcecode.c.h; path = TRZXMyPartnerViewController.h; sourceTree = "<group>"; };
		76B257841E650C0C00AD0A53 /* TRZXMyPartnerViewController.m */ = {isa = PBXFileReference; fileEncoding = 4; lastKnownFileType = sourcecode.c.objc; path = TRZXMyPartnerViewController.m; sourceTree = "<group>"; };
		76B257861E650DC400AD0A53 /* TRZXMyPartnerModel.h */ = {isa = PBXFileReference; fileEncoding = 4; lastKnownFileType = sourcecode.c.h; path = TRZXMyPartnerModel.h; sourceTree = "<group>"; };
		76B257871E650DC400AD0A53 /* TRZXMyPartnerModel.m */ = {isa = PBXFileReference; fileEncoding = 4; lastKnownFileType = sourcecode.c.objc; path = TRZXMyPartnerModel.m; sourceTree = "<group>"; };
		76B257891E650DD400AD0A53 /* TRZXMyPartnerViewModel.h */ = {isa = PBXFileReference; fileEncoding = 4; lastKnownFileType = sourcecode.c.h; path = TRZXMyPartnerViewModel.h; sourceTree = "<group>"; };
		76B2578A1E650DD400AD0A53 /* TRZXMyPartnerViewModel.m */ = {isa = PBXFileReference; fileEncoding = 4; lastKnownFileType = sourcecode.c.objc; path = TRZXMyPartnerViewModel.m; sourceTree = "<group>"; };
		76B2578C1E650DE200AD0A53 /* TRZXMyPartnerCell.h */ = {isa = PBXFileReference; fileEncoding = 4; lastKnownFileType = sourcecode.c.h; path = TRZXMyPartnerCell.h; sourceTree = "<group>"; };
		76B2578D1E650DE200AD0A53 /* TRZXMyPartnerCell.m */ = {isa = PBXFileReference; fileEncoding = 4; lastKnownFileType = sourcecode.c.objc; path = TRZXMyPartnerCell.m; sourceTree = "<group>"; };
		76B2578E1E650DE200AD0A53 /* TRZXMyPartnerCell.xib */ = {isa = PBXFileReference; fileEncoding = 4; lastKnownFileType = file.xib; path = TRZXMyPartnerCell.xib; sourceTree = "<group>"; };
		76B257911E65109000AD0A53 /* UIDevice+MyPartner_Frame.h */ = {isa = PBXFileReference; fileEncoding = 4; lastKnownFileType = sourcecode.c.h; path = "UIDevice+MyPartner_Frame.h"; sourceTree = "<group>"; };
		76B257921E65109000AD0A53 /* UIDevice+MyPartner_Frame.m */ = {isa = PBXFileReference; fileEncoding = 4; lastKnownFileType = sourcecode.c.objc; path = "UIDevice+MyPartner_Frame.m"; sourceTree = "<group>"; };
		76B257941E65132700AD0A53 /* CTMediator+MyPartner.h */ = {isa = PBXFileReference; fileEncoding = 4; lastKnownFileType = sourcecode.c.h; path = "CTMediator+MyPartner.h"; sourceTree = "<group>"; };
		76B257951E65132700AD0A53 /* CTMediator+MyPartner.m */ = {isa = PBXFileReference; fileEncoding = 4; lastKnownFileType = sourcecode.c.objc; path = "CTMediator+MyPartner.m"; sourceTree = "<group>"; };
		76B2579A1E65134F00AD0A53 /* Target_MyPartner.h */ = {isa = PBXFileReference; fileEncoding = 4; lastKnownFileType = sourcecode.c.h; path = Target_MyPartner.h; sourceTree = "<group>"; };
		76B2579B1E65134F00AD0A53 /* Target_MyPartner.m */ = {isa = PBXFileReference; fileEncoding = 4; lastKnownFileType = sourcecode.c.objc; path = Target_MyPartner.m; sourceTree = "<group>"; };
		8E3FBA6B66206C2F5AFF067F /* libPods-TRZXMyPartnerTests.a */ = {isa = PBXFileReference; explicitFileType = archive.ar; includeInIndex = 0; path = "libPods-TRZXMyPartnerTests.a"; sourceTree = BUILT_PRODUCTS_DIR; };
		9573F9325B9364E90110C363 /* Pods-TRZXMyPartner.release.xcconfig */ = {isa = PBXFileReference; includeInIndex = 1; lastKnownFileType = text.xcconfig; name = "Pods-TRZXMyPartner.release.xcconfig"; path = "Pods/Target Support Files/Pods-TRZXMyPartner/Pods-TRZXMyPartner.release.xcconfig"; sourceTree = "<group>"; };
		97F33951BB7BEEFABB6F740D /* Pods-TRZXMyPartnerUITests.release.xcconfig */ = {isa = PBXFileReference; includeInIndex = 1; lastKnownFileType = text.xcconfig; name = "Pods-TRZXMyPartnerUITests.release.xcconfig"; path = "Pods/Target Support Files/Pods-TRZXMyPartnerUITests/Pods-TRZXMyPartnerUITests.release.xcconfig"; sourceTree = "<group>"; };
		C27AA8E3D927186FCDDAFC7D /* Pods-TRZXMyPartnerTests.release.xcconfig */ = {isa = PBXFileReference; includeInIndex = 1; lastKnownFileType = text.xcconfig; name = "Pods-TRZXMyPartnerTests.release.xcconfig"; path = "Pods/Target Support Files/Pods-TRZXMyPartnerTests/Pods-TRZXMyPartnerTests.release.xcconfig"; sourceTree = "<group>"; };
		C3EA116A6BD354D984610F97 /* Pods-TRZXMyPartner.debug.xcconfig */ = {isa = PBXFileReference; includeInIndex = 1; lastKnownFileType = text.xcconfig; name = "Pods-TRZXMyPartner.debug.xcconfig"; path = "Pods/Target Support Files/Pods-TRZXMyPartner/Pods-TRZXMyPartner.debug.xcconfig"; sourceTree = "<group>"; };
/* End PBXFileReference section */

/* Begin PBXFrameworksBuildPhase section */
		76B257491E650AF200AD0A53 /* Frameworks */ = {
			isa = PBXFrameworksBuildPhase;
			buildActionMask = 2147483647;
			files = (
				29E97019D468BA5CC9BBD49A /* libPods-TRZXMyPartner.a in Frameworks */,
			);
			runOnlyForDeploymentPostprocessing = 0;
		};
		76B257621E650AF200AD0A53 /* Frameworks */ = {
			isa = PBXFrameworksBuildPhase;
			buildActionMask = 2147483647;
			files = (
				CBC58E1A21EE1B208BBC2C00 /* libPods-TRZXMyPartnerTests.a in Frameworks */,
			);
			runOnlyForDeploymentPostprocessing = 0;
		};
		76B2576D1E650AF200AD0A53 /* Frameworks */ = {
			isa = PBXFrameworksBuildPhase;
			buildActionMask = 2147483647;
			files = (
				094ED617C5A71C6254297C80 /* libPods-TRZXMyPartnerUITests.a in Frameworks */,
			);
			runOnlyForDeploymentPostprocessing = 0;
		};
/* End PBXFrameworksBuildPhase section */

/* Begin PBXGroup section */
		76B257431E650AF200AD0A53 = {
			isa = PBXGroup;
			children = (
				76B2574E1E650AF200AD0A53 /* TRZXMyPartner */,
				76B257681E650AF200AD0A53 /* TRZXMyPartnerTests */,
				76B257731E650AF200AD0A53 /* TRZXMyPartnerUITests */,
				76B2574D1E650AF200AD0A53 /* Products */,
				F7D9171951B5D99CBE527B4A /* Pods */,
				D1CD374CC2BB8783961746AF /* Frameworks */,
			);
			sourceTree = "<group>";
		};
		76B2574D1E650AF200AD0A53 /* Products */ = {
			isa = PBXGroup;
			children = (
				76B2574C1E650AF200AD0A53 /* TRZXMyPartner.app */,
				76B257651E650AF200AD0A53 /* TRZXMyPartnerTests.xctest */,
				76B257701E650AF200AD0A53 /* TRZXMyPartnerUITests.xctest */,
			);
			name = Products;
			sourceTree = "<group>";
		};
		76B2574E1E650AF200AD0A53 /* TRZXMyPartner */ = {
			isa = PBXGroup;
			children = (
				76B257521E650AF200AD0A53 /* AppDelegate.h */,
				76B257531E650AF200AD0A53 /* AppDelegate.m */,
				76B257551E650AF200AD0A53 /* ViewController.h */,
				76B257561E650AF200AD0A53 /* ViewController.m */,
				76B257821E650BDF00AD0A53 /* TRZXMyPartner */,
				76B257581E650AF200AD0A53 /* Main.storyboard */,
				76B2575B1E650AF200AD0A53 /* Assets.xcassets */,
				76B2575D1E650AF200AD0A53 /* LaunchScreen.storyboard */,
				76B257601E650AF200AD0A53 /* Info.plist */,
				76B2574F1E650AF200AD0A53 /* Supporting Files */,
			);
			path = TRZXMyPartner;
			sourceTree = "<group>";
		};
		76B2574F1E650AF200AD0A53 /* Supporting Files */ = {
			isa = PBXGroup;
			children = (
				76B257501E650AF200AD0A53 /* main.m */,
			);
			name = "Supporting Files";
			sourceTree = "<group>";
		};
		76B257681E650AF200AD0A53 /* TRZXMyPartnerTests */ = {
			isa = PBXGroup;
			children = (
				76B257691E650AF200AD0A53 /* TRZXMyPartnerTests.m */,
				76B2576B1E650AF200AD0A53 /* Info.plist */,
			);
			path = TRZXMyPartnerTests;
			sourceTree = "<group>";
		};
		76B257731E650AF200AD0A53 /* TRZXMyPartnerUITests */ = {
			isa = PBXGroup;
			children = (
				76B257741E650AF200AD0A53 /* TRZXMyPartnerUITests.m */,
				76B257761E650AF200AD0A53 /* Info.plist */,
			);
			path = TRZXMyPartnerUITests;
			sourceTree = "<group>";
		};
		76B257821E650BDF00AD0A53 /* TRZXMyPartner */ = {
			isa = PBXGroup;
			children = (
				76B257831E650C0C00AD0A53 /* TRZXMyPartnerViewController.h */,
				76B257841E650C0C00AD0A53 /* TRZXMyPartnerViewController.m */,
				76B257861E650DC400AD0A53 /* TRZXMyPartnerModel.h */,
				76B257871E650DC400AD0A53 /* TRZXMyPartnerModel.m */,
				76B257891E650DD400AD0A53 /* TRZXMyPartnerViewModel.h */,
				76B2578A1E650DD400AD0A53 /* TRZXMyPartnerViewModel.m */,
				76B2578C1E650DE200AD0A53 /* TRZXMyPartnerCell.h */,
				76B2578D1E650DE200AD0A53 /* TRZXMyPartnerCell.m */,
				76B2578E1E650DE200AD0A53 /* TRZXMyPartnerCell.xib */,
				76B257911E65109000AD0A53 /* UIDevice+MyPartner_Frame.h */,
				76B257921E65109000AD0A53 /* UIDevice+MyPartner_Frame.m */,
				76B257941E65132700AD0A53 /* CTMediator+MyPartner.h */,
				76B257951E65132700AD0A53 /* CTMediator+MyPartner.m */,
				76B2579A1E65134F00AD0A53 /* Target_MyPartner.h */,
				76B2579B1E65134F00AD0A53 /* Target_MyPartner.m */,
			);
			path = TRZXMyPartner;
			sourceTree = "<group>";
		};
		D1CD374CC2BB8783961746AF /* Frameworks */ = {
			isa = PBXGroup;
			children = (
				61B9271E9BE2D8AB839258B8 /* libPods-TRZXMyPartner.a */,
				8E3FBA6B66206C2F5AFF067F /* libPods-TRZXMyPartnerTests.a */,
				2BAE1AA2A5AD98AD0918C2C0 /* libPods-TRZXMyPartnerUITests.a */,
			);
			name = Frameworks;
			sourceTree = "<group>";
		};
		F7D9171951B5D99CBE527B4A /* Pods */ = {
			isa = PBXGroup;
			children = (
				C3EA116A6BD354D984610F97 /* Pods-TRZXMyPartner.debug.xcconfig */,
				9573F9325B9364E90110C363 /* Pods-TRZXMyPartner.release.xcconfig */,
				3AFF47DDF9C230D503FD383F /* Pods-TRZXMyPartnerTests.debug.xcconfig */,
				C27AA8E3D927186FCDDAFC7D /* Pods-TRZXMyPartnerTests.release.xcconfig */,
				3573656A5F67695E11A5976A /* Pods-TRZXMyPartnerUITests.debug.xcconfig */,
				97F33951BB7BEEFABB6F740D /* Pods-TRZXMyPartnerUITests.release.xcconfig */,
			);
			name = Pods;
			sourceTree = "<group>";
		};
/* End PBXGroup section */

/* Begin PBXNativeTarget section */
		76B2574B1E650AF200AD0A53 /* TRZXMyPartner */ = {
			isa = PBXNativeTarget;
			buildConfigurationList = 76B257791E650AF200AD0A53 /* Build configuration list for PBXNativeTarget "TRZXMyPartner" */;
			buildPhases = (
				A1A3DA20C9A5A24060867705 /* [CP] Check Pods Manifest.lock */,
				76B257481E650AF200AD0A53 /* Sources */,
				76B257491E650AF200AD0A53 /* Frameworks */,
				76B2574A1E650AF200AD0A53 /* Resources */,
				4E403217BBBFDEA4993A3C3A /* [CP] Embed Pods Frameworks */,
				504BBE624D831F1282F40AF2 /* [CP] Copy Pods Resources */,
			);
			buildRules = (
			);
			dependencies = (
			);
			name = TRZXMyPartner;
			productName = TRZXMyPartner;
			productReference = 76B2574C1E650AF200AD0A53 /* TRZXMyPartner.app */;
			productType = "com.apple.product-type.application";
		};
		76B257641E650AF200AD0A53 /* TRZXMyPartnerTests */ = {
			isa = PBXNativeTarget;
			buildConfigurationList = 76B2577C1E650AF200AD0A53 /* Build configuration list for PBXNativeTarget "TRZXMyPartnerTests" */;
			buildPhases = (
				840D1399A47FBD0275B55C73 /* [CP] Check Pods Manifest.lock */,
				76B257611E650AF200AD0A53 /* Sources */,
				76B257621E650AF200AD0A53 /* Frameworks */,
				76B257631E650AF200AD0A53 /* Resources */,
				3E2DD74CF7E72893A6177D95 /* [CP] Embed Pods Frameworks */,
				E9F3D0A4F9C72615A20228A0 /* [CP] Copy Pods Resources */,
			);
			buildRules = (
			);
			dependencies = (
				76B257671E650AF200AD0A53 /* PBXTargetDependency */,
			);
			name = TRZXMyPartnerTests;
			productName = TRZXMyPartnerTests;
			productReference = 76B257651E650AF200AD0A53 /* TRZXMyPartnerTests.xctest */;
			productType = "com.apple.product-type.bundle.unit-test";
		};
		76B2576F1E650AF200AD0A53 /* TRZXMyPartnerUITests */ = {
			isa = PBXNativeTarget;
			buildConfigurationList = 76B2577F1E650AF200AD0A53 /* Build configuration list for PBXNativeTarget "TRZXMyPartnerUITests" */;
			buildPhases = (
				4CE3494A781124A09EEBCE94 /* [CP] Check Pods Manifest.lock */,
				76B2576C1E650AF200AD0A53 /* Sources */,
				76B2576D1E650AF200AD0A53 /* Frameworks */,
				76B2576E1E650AF200AD0A53 /* Resources */,
				F3DB6AA718F590322247239E /* [CP] Embed Pods Frameworks */,
				BBC39EB7644CE59472DC8C48 /* [CP] Copy Pods Resources */,
			);
			buildRules = (
			);
			dependencies = (
				76B257721E650AF200AD0A53 /* PBXTargetDependency */,
			);
			name = TRZXMyPartnerUITests;
			productName = TRZXMyPartnerUITests;
			productReference = 76B257701E650AF200AD0A53 /* TRZXMyPartnerUITests.xctest */;
			productType = "com.apple.product-type.bundle.ui-testing";
		};
/* End PBXNativeTarget section */

/* Begin PBXProject section */
		76B257441E650AF200AD0A53 /* Project object */ = {
			isa = PBXProject;
			attributes = {
				LastUpgradeCheck = 0820;
				ORGANIZATIONNAME = Rhino;
				TargetAttributes = {
					76B2574B1E650AF200AD0A53 = {
						CreatedOnToolsVersion = 8.2.1;
						ProvisioningStyle = Automatic;
					};
					76B257641E650AF200AD0A53 = {
						CreatedOnToolsVersion = 8.2.1;
						ProvisioningStyle = Automatic;
						TestTargetID = 76B2574B1E650AF200AD0A53;
					};
					76B2576F1E650AF200AD0A53 = {
						CreatedOnToolsVersion = 8.2.1;
						ProvisioningStyle = Automatic;
						TestTargetID = 76B2574B1E650AF200AD0A53;
					};
				};
			};
			buildConfigurationList = 76B257471E650AF200AD0A53 /* Build configuration list for PBXProject "TRZXMyPartner" */;
			compatibilityVersion = "Xcode 3.2";
			developmentRegion = English;
			hasScannedForEncodings = 0;
			knownRegions = (
				en,
				Base,
			);
			mainGroup = 76B257431E650AF200AD0A53;
			productRefGroup = 76B2574D1E650AF200AD0A53 /* Products */;
			projectDirPath = "";
			projectRoot = "";
			targets = (
				76B2574B1E650AF200AD0A53 /* TRZXMyPartner */,
				76B257641E650AF200AD0A53 /* TRZXMyPartnerTests */,
				76B2576F1E650AF200AD0A53 /* TRZXMyPartnerUITests */,
			);
		};
/* End PBXProject section */

/* Begin PBXResourcesBuildPhase section */
		76B2574A1E650AF200AD0A53 /* Resources */ = {
			isa = PBXResourcesBuildPhase;
			buildActionMask = 2147483647;
			files = (
				76B2575F1E650AF200AD0A53 /* LaunchScreen.storyboard in Resources */,
				76B2575C1E650AF200AD0A53 /* Assets.xcassets in Resources */,
				76B2575A1E650AF200AD0A53 /* Main.storyboard in Resources */,
				76B257901E650DE200AD0A53 /* TRZXMyPartnerCell.xib in Resources */,
			);
			runOnlyForDeploymentPostprocessing = 0;
		};
		76B257631E650AF200AD0A53 /* Resources */ = {
			isa = PBXResourcesBuildPhase;
			buildActionMask = 2147483647;
			files = (
			);
			runOnlyForDeploymentPostprocessing = 0;
		};
		76B2576E1E650AF200AD0A53 /* Resources */ = {
			isa = PBXResourcesBuildPhase;
			buildActionMask = 2147483647;
			files = (
			);
			runOnlyForDeploymentPostprocessing = 0;
		};
/* End PBXResourcesBuildPhase section */

/* Begin PBXShellScriptBuildPhase section */
		3E2DD74CF7E72893A6177D95 /* [CP] Embed Pods Frameworks */ = {
			isa = PBXShellScriptBuildPhase;
			buildActionMask = 2147483647;
			files = (
			);
			inputPaths = (
			);
			name = "[CP] Embed Pods Frameworks";
			outputPaths = (
			);
			runOnlyForDeploymentPostprocessing = 0;
			shellPath = /bin/sh;
			shellScript = "\"${SRCROOT}/Pods/Target Support Files/Pods-TRZXMyPartnerTests/Pods-TRZXMyPartnerTests-frameworks.sh\"\n";
			showEnvVarsInLog = 0;
		};
		4CE3494A781124A09EEBCE94 /* [CP] Check Pods Manifest.lock */ = {
			isa = PBXShellScriptBuildPhase;
			buildActionMask = 2147483647;
			files = (
			);
			inputPaths = (
			);
			name = "[CP] Check Pods Manifest.lock";
			outputPaths = (
			);
			runOnlyForDeploymentPostprocessing = 0;
			shellPath = /bin/sh;
			shellScript = "diff \"${PODS_ROOT}/../Podfile.lock\" \"${PODS_ROOT}/Manifest.lock\" > /dev/null\nif [ $? != 0 ] ; then\n    # print error to STDERR\n    echo \"error: The sandbox is not in sync with the Podfile.lock. Run 'pod install' or update your CocoaPods installation.\" >&2\n    exit 1\nfi\n";
			showEnvVarsInLog = 0;
		};
		4E403217BBBFDEA4993A3C3A /* [CP] Embed Pods Frameworks */ = {
			isa = PBXShellScriptBuildPhase;
			buildActionMask = 2147483647;
			files = (
			);
			inputPaths = (
			);
			name = "[CP] Embed Pods Frameworks";
			outputPaths = (
			);
			runOnlyForDeploymentPostprocessing = 0;
			shellPath = /bin/sh;
			shellScript = "\"${SRCROOT}/Pods/Target Support Files/Pods-TRZXMyPartner/Pods-TRZXMyPartner-frameworks.sh\"\n";
			showEnvVarsInLog = 0;
		};
		504BBE624D831F1282F40AF2 /* [CP] Copy Pods Resources */ = {
			isa = PBXShellScriptBuildPhase;
			buildActionMask = 2147483647;
			files = (
			);
			inputPaths = (
			);
			name = "[CP] Copy Pods Resources";
			outputPaths = (
			);
			runOnlyForDeploymentPostprocessing = 0;
			shellPath = /bin/sh;
			shellScript = "\"${SRCROOT}/Pods/Target Support Files/Pods-TRZXMyPartner/Pods-TRZXMyPartner-resources.sh\"\n";
			showEnvVarsInLog = 0;
		};
		840D1399A47FBD0275B55C73 /* [CP] Check Pods Manifest.lock */ = {
			isa = PBXShellScriptBuildPhase;
			buildActionMask = 2147483647;
			files = (
			);
			inputPaths = (
			);
			name = "[CP] Check Pods Manifest.lock";
			outputPaths = (
			);
			runOnlyForDeploymentPostprocessing = 0;
			shellPath = /bin/sh;
			shellScript = "diff \"${PODS_ROOT}/../Podfile.lock\" \"${PODS_ROOT}/Manifest.lock\" > /dev/null\nif [ $? != 0 ] ; then\n    # print error to STDERR\n    echo \"error: The sandbox is not in sync with the Podfile.lock. Run 'pod install' or update your CocoaPods installation.\" >&2\n    exit 1\nfi\n";
			showEnvVarsInLog = 0;
		};
		A1A3DA20C9A5A24060867705 /* [CP] Check Pods Manifest.lock */ = {
			isa = PBXShellScriptBuildPhase;
			buildActionMask = 2147483647;
			files = (
			);
			inputPaths = (
			);
			name = "[CP] Check Pods Manifest.lock";
			outputPaths = (
			);
			runOnlyForDeploymentPostprocessing = 0;
			shellPath = /bin/sh;
			shellScript = "diff \"${PODS_ROOT}/../Podfile.lock\" \"${PODS_ROOT}/Manifest.lock\" > /dev/null\nif [ $? != 0 ] ; then\n    # print error to STDERR\n    echo \"error: The sandbox is not in sync with the Podfile.lock. Run 'pod install' or update your CocoaPods installation.\" >&2\n    exit 1\nfi\n";
			showEnvVarsInLog = 0;
		};
		BBC39EB7644CE59472DC8C48 /* [CP] Copy Pods Resources */ = {
			isa = PBXShellScriptBuildPhase;
			buildActionMask = 2147483647;
			files = (
			);
			inputPaths = (
			);
			name = "[CP] Copy Pods Resources";
			outputPaths = (
			);
			runOnlyForDeploymentPostprocessing = 0;
			shellPath = /bin/sh;
			shellScript = "\"${SRCROOT}/Pods/Target Support Files/Pods-TRZXMyPartnerUITests/Pods-TRZXMyPartnerUITests-resources.sh\"\n";
			showEnvVarsInLog = 0;
		};
		E9F3D0A4F9C72615A20228A0 /* [CP] Copy Pods Resources */ = {
			isa = PBXShellScriptBuildPhase;
			buildActionMask = 2147483647;
			files = (
			);
			inputPaths = (
			);
			name = "[CP] Copy Pods Resources";
			outputPaths = (
			);
			runOnlyForDeploymentPostprocessing = 0;
			shellPath = /bin/sh;
			shellScript = "\"${SRCROOT}/Pods/Target Support Files/Pods-TRZXMyPartnerTests/Pods-TRZXMyPartnerTests-resources.sh\"\n";
			showEnvVarsInLog = 0;
		};
		F3DB6AA718F590322247239E /* [CP] Embed Pods Frameworks */ = {
			isa = PBXShellScriptBuildPhase;
			buildActionMask = 2147483647;
			files = (
			);
			inputPaths = (
			);
			name = "[CP] Embed Pods Frameworks";
			outputPaths = (
			);
			runOnlyForDeploymentPostprocessing = 0;
			shellPath = /bin/sh;
			shellScript = "\"${SRCROOT}/Pods/Target Support Files/Pods-TRZXMyPartnerUITests/Pods-TRZXMyPartnerUITests-frameworks.sh\"\n";
			showEnvVarsInLog = 0;
		};
/* End PBXShellScriptBuildPhase section */

/* Begin PBXSourcesBuildPhase section */
		76B257481E650AF200AD0A53 /* Sources */ = {
			isa = PBXSourcesBuildPhase;
			buildActionMask = 2147483647;
			files = (
				76B257571E650AF200AD0A53 /* ViewController.m in Sources */,
				76B2579C1E65134F00AD0A53 /* Target_MyPartner.m in Sources */,
				76B257851E650C0C00AD0A53 /* TRZXMyPartnerViewController.m in Sources */,
				76B257541E650AF200AD0A53 /* AppDelegate.m in Sources */,
				76B257931E65109000AD0A53 /* UIDevice+MyPartner_Frame.m in Sources */,
				76B257961E65132700AD0A53 /* CTMediator+MyPartner.m in Sources */,
				76B2578B1E650DD400AD0A53 /* TRZXMyPartnerViewModel.m in Sources */,
				76B257881E650DC400AD0A53 /* TRZXMyPartnerModel.m in Sources */,
				76B257511E650AF200AD0A53 /* main.m in Sources */,
				76B2578F1E650DE200AD0A53 /* TRZXMyPartnerCell.m in Sources */,
			);
			runOnlyForDeploymentPostprocessing = 0;
		};
		76B257611E650AF200AD0A53 /* Sources */ = {
			isa = PBXSourcesBuildPhase;
			buildActionMask = 2147483647;
			files = (
				76B2576A1E650AF200AD0A53 /* TRZXMyPartnerTests.m in Sources */,
			);
			runOnlyForDeploymentPostprocessing = 0;
		};
		76B2576C1E650AF200AD0A53 /* Sources */ = {
			isa = PBXSourcesBuildPhase;
			buildActionMask = 2147483647;
			files = (
				76B257751E650AF200AD0A53 /* TRZXMyPartnerUITests.m in Sources */,
			);
			runOnlyForDeploymentPostprocessing = 0;
		};
/* End PBXSourcesBuildPhase section */

/* Begin PBXTargetDependency section */
		76B257671E650AF200AD0A53 /* PBXTargetDependency */ = {
			isa = PBXTargetDependency;
			target = 76B2574B1E650AF200AD0A53 /* TRZXMyPartner */;
			targetProxy = 76B257661E650AF200AD0A53 /* PBXContainerItemProxy */;
		};
		76B257721E650AF200AD0A53 /* PBXTargetDependency */ = {
			isa = PBXTargetDependency;
			target = 76B2574B1E650AF200AD0A53 /* TRZXMyPartner */;
			targetProxy = 76B257711E650AF200AD0A53 /* PBXContainerItemProxy */;
		};
/* End PBXTargetDependency section */

/* Begin PBXVariantGroup section */
		76B257581E650AF200AD0A53 /* Main.storyboard */ = {
			isa = PBXVariantGroup;
			children = (
				76B257591E650AF200AD0A53 /* Base */,
			);
			name = Main.storyboard;
			sourceTree = "<group>";
		};
		76B2575D1E650AF200AD0A53 /* LaunchScreen.storyboard */ = {
			isa = PBXVariantGroup;
			children = (
				76B2575E1E650AF200AD0A53 /* Base */,
			);
			name = LaunchScreen.storyboard;
			sourceTree = "<group>";
		};
/* End PBXVariantGroup section */

/* Begin XCBuildConfiguration section */
		76B257771E650AF200AD0A53 /* Debug */ = {
			isa = XCBuildConfiguration;
			buildSettings = {
				ALWAYS_SEARCH_USER_PATHS = NO;
				CLANG_ANALYZER_NONNULL = YES;
				CLANG_CXX_LANGUAGE_STANDARD = "gnu++0x";
				CLANG_CXX_LIBRARY = "libc++";
				CLANG_ENABLE_MODULES = YES;
				CLANG_ENABLE_OBJC_ARC = YES;
				CLANG_WARN_BOOL_CONVERSION = YES;
				CLANG_WARN_CONSTANT_CONVERSION = YES;
				CLANG_WARN_DIRECT_OBJC_ISA_USAGE = YES_ERROR;
				CLANG_WARN_DOCUMENTATION_COMMENTS = YES;
				CLANG_WARN_EMPTY_BODY = YES;
				CLANG_WARN_ENUM_CONVERSION = YES;
				CLANG_WARN_INFINITE_RECURSION = YES;
				CLANG_WARN_INT_CONVERSION = YES;
				CLANG_WARN_OBJC_ROOT_CLASS = YES_ERROR;
				CLANG_WARN_SUSPICIOUS_MOVE = YES;
				CLANG_WARN_UNREACHABLE_CODE = YES;
				CLANG_WARN__DUPLICATE_METHOD_MATCH = YES;
				"CODE_SIGN_IDENTITY[sdk=iphoneos*]" = "iPhone Developer";
				COPY_PHASE_STRIP = NO;
				DEBUG_INFORMATION_FORMAT = dwarf;
				ENABLE_STRICT_OBJC_MSGSEND = YES;
				ENABLE_TESTABILITY = YES;
				GCC_C_LANGUAGE_STANDARD = gnu99;
				GCC_DYNAMIC_NO_PIC = NO;
				GCC_NO_COMMON_BLOCKS = YES;
				GCC_OPTIMIZATION_LEVEL = 0;
				GCC_PREPROCESSOR_DEFINITIONS = (
					"DEBUG=1",
					"$(inherited)",
				);
				GCC_WARN_64_TO_32_BIT_CONVERSION = YES;
				GCC_WARN_ABOUT_RETURN_TYPE = YES_ERROR;
				GCC_WARN_UNDECLARED_SELECTOR = YES;
				GCC_WARN_UNINITIALIZED_AUTOS = YES_AGGRESSIVE;
				GCC_WARN_UNUSED_FUNCTION = YES;
				GCC_WARN_UNUSED_VARIABLE = YES;
				IPHONEOS_DEPLOYMENT_TARGET = 10.2;
				MTL_ENABLE_DEBUG_INFO = YES;
				ONLY_ACTIVE_ARCH = YES;
				SDKROOT = iphoneos;
				TARGETED_DEVICE_FAMILY = "1,2";
			};
			name = Debug;
		};
		76B257781E650AF200AD0A53 /* Release */ = {
			isa = XCBuildConfiguration;
			buildSettings = {
				ALWAYS_SEARCH_USER_PATHS = NO;
				CLANG_ANALYZER_NONNULL = YES;
				CLANG_CXX_LANGUAGE_STANDARD = "gnu++0x";
				CLANG_CXX_LIBRARY = "libc++";
				CLANG_ENABLE_MODULES = YES;
				CLANG_ENABLE_OBJC_ARC = YES;
				CLANG_WARN_BOOL_CONVERSION = YES;
				CLANG_WARN_CONSTANT_CONVERSION = YES;
				CLANG_WARN_DIRECT_OBJC_ISA_USAGE = YES_ERROR;
				CLANG_WARN_DOCUMENTATION_COMMENTS = YES;
				CLANG_WARN_EMPTY_BODY = YES;
				CLANG_WARN_ENUM_CONVERSION = YES;
				CLANG_WARN_INFINITE_RECURSION = YES;
				CLANG_WARN_INT_CONVERSION = YES;
				CLANG_WARN_OBJC_ROOT_CLASS = YES_ERROR;
				CLANG_WARN_SUSPICIOUS_MOVE = YES;
				CLANG_WARN_UNREACHABLE_CODE = YES;
				CLANG_WARN__DUPLICATE_METHOD_MATCH = YES;
				"CODE_SIGN_IDENTITY[sdk=iphoneos*]" = "iPhone Developer";
				COPY_PHASE_STRIP = NO;
				DEBUG_INFORMATION_FORMAT = "dwarf-with-dsym";
				ENABLE_NS_ASSERTIONS = NO;
				ENABLE_STRICT_OBJC_MSGSEND = YES;
				GCC_C_LANGUAGE_STANDARD = gnu99;
				GCC_NO_COMMON_BLOCKS = YES;
				GCC_WARN_64_TO_32_BIT_CONVERSION = YES;
				GCC_WARN_ABOUT_RETURN_TYPE = YES_ERROR;
				GCC_WARN_UNDECLARED_SELECTOR = YES;
				GCC_WARN_UNINITIALIZED_AUTOS = YES_AGGRESSIVE;
				GCC_WARN_UNUSED_FUNCTION = YES;
				GCC_WARN_UNUSED_VARIABLE = YES;
				IPHONEOS_DEPLOYMENT_TARGET = 10.2;
				MTL_ENABLE_DEBUG_INFO = NO;
				SDKROOT = iphoneos;
				TARGETED_DEVICE_FAMILY = "1,2";
				VALIDATE_PRODUCT = YES;
			};
			name = Release;
		};
		76B2577A1E650AF200AD0A53 /* Debug */ = {
			isa = XCBuildConfiguration;
			baseConfigurationReference = C3EA116A6BD354D984610F97 /* Pods-TRZXMyPartner.debug.xcconfig */;
			buildSettings = {
				ASSETCATALOG_COMPILER_APPICON_NAME = AppIcon;
				INFOPLIST_FILE = TRZXMyPartner/Info.plist;
				LD_RUNPATH_SEARCH_PATHS = "$(inherited) @executable_path/Frameworks";
				PRODUCT_BUNDLE_IDENTIFIER = com.kipo.TRZXMyPartner;
				PRODUCT_NAME = "$(TARGET_NAME)";
			};
			name = Debug;
		};
		76B2577B1E650AF200AD0A53 /* Release */ = {
			isa = XCBuildConfiguration;
			baseConfigurationReference = 9573F9325B9364E90110C363 /* Pods-TRZXMyPartner.release.xcconfig */;
			buildSettings = {
				ASSETCATALOG_COMPILER_APPICON_NAME = AppIcon;
				INFOPLIST_FILE = TRZXMyPartner/Info.plist;
				LD_RUNPATH_SEARCH_PATHS = "$(inherited) @executable_path/Frameworks";
				PRODUCT_BUNDLE_IDENTIFIER = com.kipo.TRZXMyPartner;
				PRODUCT_NAME = "$(TARGET_NAME)";
			};
			name = Release;
		};
		76B2577D1E650AF200AD0A53 /* Debug */ = {
			isa = XCBuildConfiguration;
			baseConfigurationReference = 3AFF47DDF9C230D503FD383F /* Pods-TRZXMyPartnerTests.debug.xcconfig */;
			buildSettings = {
				BUNDLE_LOADER = "$(TEST_HOST)";
				INFOPLIST_FILE = TRZXMyPartnerTests/Info.plist;
				LD_RUNPATH_SEARCH_PATHS = "$(inherited) @executable_path/Frameworks @loader_path/Frameworks";
				PRODUCT_BUNDLE_IDENTIFIER = com.kipo.TRZXMyPartnerTests;
				PRODUCT_NAME = "$(TARGET_NAME)";
				TEST_HOST = "$(BUILT_PRODUCTS_DIR)/TRZXMyPartner.app/TRZXMyPartner";
			};
			name = Debug;
		};
		76B2577E1E650AF200AD0A53 /* Release */ = {
			isa = XCBuildConfiguration;
			baseConfigurationReference = C27AA8E3D927186FCDDAFC7D /* Pods-TRZXMyPartnerTests.release.xcconfig */;
			buildSettings = {
				BUNDLE_LOADER = "$(TEST_HOST)";
				INFOPLIST_FILE = TRZXMyPartnerTests/Info.plist;
				LD_RUNPATH_SEARCH_PATHS = "$(inherited) @executable_path/Frameworks @loader_path/Frameworks";
				PRODUCT_BUNDLE_IDENTIFIER = com.kipo.TRZXMyPartnerTests;
				PRODUCT_NAME = "$(TARGET_NAME)";
				TEST_HOST = "$(BUILT_PRODUCTS_DIR)/TRZXMyPartner.app/TRZXMyPartner";
			};
			name = Release;
		};
		76B257801E650AF200AD0A53 /* Debug */ = {
			isa = XCBuildConfiguration;
			baseConfigurationReference = 3573656A5F67695E11A5976A /* Pods-TRZXMyPartnerUITests.debug.xcconfig */;
			buildSettings = {
				INFOPLIST_FILE = TRZXMyPartnerUITests/Info.plist;
				LD_RUNPATH_SEARCH_PATHS = "$(inherited) @executable_path/Frameworks @loader_path/Frameworks";
				PRODUCT_BUNDLE_IDENTIFIER = com.kipo.TRZXMyPartnerUITests;
				PRODUCT_NAME = "$(TARGET_NAME)";
				TEST_TARGET_NAME = TRZXMyPartner;
			};
			name = Debug;
		};
		76B257811E650AF200AD0A53 /* Release */ = {
			isa = XCBuildConfiguration;
			baseConfigurationReference = 97F33951BB7BEEFABB6F740D /* Pods-TRZXMyPartnerUITests.release.xcconfig */;
			buildSettings = {
				INFOPLIST_FILE = TRZXMyPartnerUITests/Info.plist;
				LD_RUNPATH_SEARCH_PATHS = "$(inherited) @executable_path/Frameworks @loader_path/Frameworks";
				PRODUCT_BUNDLE_IDENTIFIER = com.kipo.TRZXMyPartnerUITests;
				PRODUCT_NAME = "$(TARGET_NAME)";
				TEST_TARGET_NAME = TRZXMyPartner;
			};
			name = Release;
		};
/* End XCBuildConfiguration section */

/* Begin XCConfigurationList section */
		76B257471E650AF200AD0A53 /* Build configuration list for PBXProject "TRZXMyPartner" */ = {
			isa = XCConfigurationList;
			buildConfigurations = (
				76B257771E650AF200AD0A53 /* Debug */,
				76B257781E650AF200AD0A53 /* Release */,
			);
			defaultConfigurationIsVisible = 0;
			defaultConfigurationName = Release;
		};
		76B257791E650AF200AD0A53 /* Build configuration list for PBXNativeTarget "TRZXMyPartner" */ = {
			isa = XCConfigurationList;
			buildConfigurations = (
				76B2577A1E650AF200AD0A53 /* Debug */,
				76B2577B1E650AF200AD0A53 /* Release */,
			);
			defaultConfigurationIsVisible = 0;
			defaultConfigurationName = Release;
		};
		76B2577C1E650AF200AD0A53 /* Build configuration list for PBXNativeTarget "TRZXMyPartnerTests" */ = {
			isa = XCConfigurationList;
			buildConfigurations = (
				76B2577D1E650AF200AD0A53 /* Debug */,
				76B2577E1E650AF200AD0A53 /* Release */,
			);
			defaultConfigurationIsVisible = 0;
			defaultConfigurationName = Release;
		};
		76B2577F1E650AF200AD0A53 /* Build configuration list for PBXNativeTarget "TRZXMyPartnerUITests" */ = {
			isa = XCConfigurationList;
			buildConfigurations = (
				76B257801E650AF200AD0A53 /* Debug */,
				76B257811E650AF200AD0A53 /* Release */,
			);
			defaultConfigurationIsVisible = 0;
			defaultConfigurationName = Release;
		};
/* End XCConfigurationList section */
	};
	rootObject = 76B257441E650AF200AD0A53 /* Project object */;
}
